
Microsoft Visual Studio Solution File, Format Version 12.00
# Visual Studio 15
VisualStudioVersion = 15.0.27703.2042
MinimumVisualStudioVersion = 10.0.40219.1
Project("{FAE04EC0-301F-11D3-BF4B-00C04F79EFBC}") = "School.Web", "School.Web\School.Web.csproj", "{590C3852-1D85-4132-A161-78AF2B2F15BA}"
EndProject
Project("{FAE04EC0-301F-11D3-BF4B-00C04F79EFBC}") = "School.Library", "School.Library\School.Library.csproj", "{09CB1657-8222-4901-BEF7-28ED1FA87FBF}"
EndProject
Global
	GlobalSection(SolutionConfigurationPlatforms) = preSolution
		Debug|Any CPU = Debug|Any CPU
		Release|Any CPU = Release|Any CPU
	EndGlobalSection
	GlobalSection(ProjectConfigurationPlatforms) = postSolution
		{590C3852-1D85-4132-A161-78AF2B2F15BA}.Debug|Any CPU.ActiveCfg = Debug|Any CPU
		{590C3852-1D85-4132-A161-78AF2B2F15BA}.Debug|Any CPU.Build.0 = Debug|Any CPU
		{590C3852-1D85-4132-A161-78AF2B2F15BA}.Release|Any CPU.ActiveCfg = Release|Any CPU
		{590C3852-1D85-4132-A161-78AF2B2F15BA}.Release|Any CPU.Build.0 = Release|Any CPU
		{09CB1657-8222-4901-BEF7-28ED1FA87FBF}.Debug|Any CPU.ActiveCfg = Debug|Any CPU
		{09CB1657-8222-4901-BEF7-28ED1FA87FBF}.Debug|Any CPU.Build.0 = Debug|Any CPU
		{09CB1657-8222-4901-BEF7-28ED1FA87FBF}.Release|Any CPU.ActiveCfg = Release|Any CPU
		{09CB1657-8222-4901-BEF7-28ED1FA87FBF}.Release|Any CPU.Build.0 = Release|Any CPU
	EndGlobalSection
	GlobalSection(SolutionProperties) = preSolution
		HideSolutionNode = FALSE
	EndGlobalSection
	GlobalSection(ExtensibilityGlobals) = postSolution
		SolutionGuid = {F38E65A3-C640-4AC3-8032-6BDC352E25F9}
	EndGlobalSection
EndGlobal
